
Microsoft Visual Studio Solution File, Format Version 12.00
# Visual Studio Version 16
VisualStudioVersion = 16.0.31702.278
MinimumVisualStudioVersion = 10.0.40219.1
Project("{FAE04EC0-301F-11D3-BF4B-00C04F79EFBC}") = "ConsoleApp6", "ConsoleApp6\ConsoleApp6.csproj", "{FE9DD200-3180-4DAE-ABD0-910143DBE09C}"
EndProject
Global
	GlobalSection(SolutionConfigurationPlatforms) = preSolution
		Debug|Any CPU = Debug|Any CPU
		Release|Any CPU = Release|Any CPU
	EndGlobalSection
	GlobalSection(ProjectConfigurationPlatforms) = postSolution
		{FE9DD200-3180-4DAE-ABD0-910143DBE09C}.Debug|Any CPU.ActiveCfg = Debug|Any CPU
		{FE9DD200-3180-4DAE-ABD0-910143DBE09C}.Debug|Any CPU.Build.0 = Debug|Any CPU
		{FE9DD200-3180-4DAE-ABD0-910143DBE09C}.Release|Any CPU.ActiveCfg = Release|Any CPU
		{FE9DD200-3180-4DAE-ABD0-910143DBE09C}.Release|Any CPU.Build.0 = Release|Any CPU
	EndGlobalSection
	GlobalSection(SolutionProperties) = preSolution
		HideSolutionNode = FALSE
	EndGlobalSection
	GlobalSection(ExtensibilityGlobals) = postSolution
		SolutionGuid = {6B981EFA-4229-414C-BA40-A525D735DAB7}
	EndGlobalSection
EndGlobal
