
Microsoft Visual Studio Solution File, Format Version 12.00
# Visual Studio Version 16
VisualStudioVersion = 16.0.31605.320
MinimumVisualStudioVersion = 10.0.40219.1
Project("{FAE04EC0-301F-11D3-BF4B-00C04F79EFBC}") = "REM-FIT APP", "REM-FIT\REM-FIT APP.csproj", "{5550B5E6-5F77-41E6-ADD8-5D5562B50C6E}"
EndProject
Project("{FAE04EC0-301F-11D3-BF4B-00C04F79EFBC}") = "Data", "Data\Data.csproj", "{04E6130F-F7F3-4B5A-9835-0A9002C48470}"
EndProject
Project("{FAE04EC0-301F-11D3-BF4B-00C04F79EFBC}") = "Model", "Model\Model.csproj", "{F052746B-8F4A-4F49-9F37-B6A935B9811A}"
EndProject
Global
	GlobalSection(SolutionConfigurationPlatforms) = preSolution
		Debug|Any CPU = Debug|Any CPU
		Release|Any CPU = Release|Any CPU
	EndGlobalSection
	GlobalSection(ProjectConfigurationPlatforms) = postSolution
		{5550B5E6-5F77-41E6-ADD8-5D5562B50C6E}.Debug|Any CPU.ActiveCfg = Debug|Any CPU
		{5550B5E6-5F77-41E6-ADD8-5D5562B50C6E}.Debug|Any CPU.Build.0 = Debug|Any CPU
		{5550B5E6-5F77-41E6-ADD8-5D5562B50C6E}.Release|Any CPU.ActiveCfg = Release|Any CPU
		{5550B5E6-5F77-41E6-ADD8-5D5562B50C6E}.Release|Any CPU.Build.0 = Release|Any CPU
		{04E6130F-F7F3-4B5A-9835-0A9002C48470}.Debug|Any CPU.ActiveCfg = Debug|Any CPU
		{04E6130F-F7F3-4B5A-9835-0A9002C48470}.Debug|Any CPU.Build.0 = Debug|Any CPU
		{04E6130F-F7F3-4B5A-9835-0A9002C48470}.Release|Any CPU.ActiveCfg = Release|Any CPU
		{04E6130F-F7F3-4B5A-9835-0A9002C48470}.Release|Any CPU.Build.0 = Release|Any CPU
		{F052746B-8F4A-4F49-9F37-B6A935B9811A}.Debug|Any CPU.ActiveCfg = Debug|Any CPU
		{F052746B-8F4A-4F49-9F37-B6A935B9811A}.Debug|Any CPU.Build.0 = Debug|Any CPU
		{F052746B-8F4A-4F49-9F37-B6A935B9811A}.Release|Any CPU.ActiveCfg = Release|Any CPU
		{F052746B-8F4A-4F49-9F37-B6A935B9811A}.Release|Any CPU.Build.0 = Release|Any CPU
	EndGlobalSection
	GlobalSection(SolutionProperties) = preSolution
		HideSolutionNode = FALSE
	EndGlobalSection
	GlobalSection(ExtensibilityGlobals) = postSolution
		SolutionGuid = {31A33C46-AB26-4F43-BE5E-3435294899FF}
	EndGlobalSection
	GlobalSection(TeamFoundationVersionControl) = preSolution
		SccNumberOfProjects = 4
		SccEnterpriseProvider = {4CA58AB2-18FA-4F8D-95D4-32DDF27D184C}
		SccTeamFoundationServer = https://dev.azure.com/remfit
		SccProjectUniqueName0 = REM-FIT\\REM-FIT\u0020APP.csproj
		SccProjectName0 = REM-FIT
		SccLocalPath0 = REM-FIT
		SccLocalPath1 = .
		SccProjectUniqueName2 = Data\\Data.csproj
		SccProjectName2 = Data
		SccLocalPath2 = Data
		SccProjectUniqueName3 = Model\\Model.csproj
		SccProjectName3 = Model
		SccLocalPath3 = Model
	EndGlobalSection
EndGlobal
